// !$*UTF8*$!
{
	archiveVersion = 1;
	classes = {
	};
	objectVersion = 56;
	objects = {

/* Begin PBXBuildFile section */
		5023E1982AB33D780064D113 /* SheetRowWithIcon.swift in Sources */ = {isa = PBXBuildFile; fileRef = 5023E1972AB33D780064D113 /* SheetRowWithIcon.swift */; };
		5023E19B2ABB0EBD0064D113 /* UserService.swift in Sources */ = {isa = PBXBuildFile; fileRef = 5023E19A2ABB0EBD0064D113 /* UserService.swift */; };
		503EE8BE2BF5FE830002A275 /* AuthEndpoint.swift in Sources */ = {isa = PBXBuildFile; fileRef = 503EE8BD2BF5FE830002A275 /* AuthEndpoint.swift */; };
		503EE8C02BF5FEC70002A275 /* APIService.swift in Sources */ = {isa = PBXBuildFile; fileRef = 503EE8BF2BF5FEC70002A275 /* APIService.swift */; };
		503EE8C22BF5FED80002A275 /* APIServiceProtocol.swift in Sources */ = {isa = PBXBuildFile; fileRef = 503EE8C12BF5FED80002A275 /* APIServiceProtocol.swift */; };
		503EE92D2BF783D20002A275 /* FirebaseFirestore in Frameworks */ = {isa = PBXBuildFile; productRef = 503EE92C2BF783D20002A275 /* FirebaseFirestore */; };
		503EE92F2BF783D20002A275 /* FirebaseFirestoreCombine-Community in Frameworks */ = {isa = PBXBuildFile; productRef = 503EE92E2BF783D20002A275 /* FirebaseFirestoreCombine-Community */; };
		50CBF1C32A9E3DD000655373 /* InstagramFakeApp.swift in Sources */ = {isa = PBXBuildFile; fileRef = 50CBF1C22A9E3DD000655373 /* InstagramFakeApp.swift */; };
		50CBF1C52A9E3DD000655373 /* ContentView.swift in Sources */ = {isa = PBXBuildFile; fileRef = 50CBF1C42A9E3DD000655373 /* ContentView.swift */; };
		50CBF1C72A9E3DD100655373 /* Assets.xcassets in Resources */ = {isa = PBXBuildFile; fileRef = 50CBF1C62A9E3DD100655373 /* Assets.xcassets */; };
		50CBF1CB2A9E3DD100655373 /* Preview Assets.xcassets in Resources */ = {isa = PBXBuildFile; fileRef = 50CBF1CA2A9E3DD100655373 /* Preview Assets.xcassets */; };
		50CBF1F72A9E3FB400655373 /* SearchView.swift in Sources */ = {isa = PBXBuildFile; fileRef = 50CBF1F12A9E3FB400655373 /* SearchView.swift */; };
		50CBF1F82A9E3FB400655373 /* SearchOO.swift in Sources */ = {isa = PBXBuildFile; fileRef = 50CBF1F22A9E3FB400655373 /* SearchOO.swift */; };
		50CBF1FC2A9E3FEF00655373 /* MockService.swift in Sources */ = {isa = PBXBuildFile; fileRef = 50CBF1FB2A9E3FEF00655373 /* MockService.swift */; };
		50CBF1FE2A9E41BB00655373 /* ProfileView.swift in Sources */ = {isa = PBXBuildFile; fileRef = 50CBF1FD2A9E41BB00655373 /* ProfileView.swift */; };
		50CBF2002A9E4A8C00655373 /* UserStatView.swift in Sources */ = {isa = PBXBuildFile; fileRef = 50CBF1FF2A9E4A8C00655373 /* UserStatView.swift */; };
		50CBF2022A9F2B9200655373 /* FeedView.swift in Sources */ = {isa = PBXBuildFile; fileRef = 50CBF2012A9F2B9200655373 /* FeedView.swift */; };
		50CBF2042A9F32EA00655373 /* FeedCellView.swift in Sources */ = {isa = PBXBuildFile; fileRef = 50CBF2032A9F32EA00655373 /* FeedCellView.swift */; };
		50CBF2062A9F394800655373 /* GlobalConstant.swift in Sources */ = {isa = PBXBuildFile; fileRef = 50CBF2052A9F394800655373 /* GlobalConstant.swift */; };
		50CBF2092A9F3A6200655373 /* AppConstants.swift in Sources */ = {isa = PBXBuildFile; fileRef = 50CBF2082A9F3A6200655373 /* AppConstants.swift */; };
		50CBF20D2A9F3B9A00655373 /* UIColorExtension.swift in Sources */ = {isa = PBXBuildFile; fileRef = 50CBF20C2A9F3B9A00655373 /* UIColorExtension.swift */; };
		50CBF20F2A9F3E8F00655373 /* UserRowView.swift in Sources */ = {isa = PBXBuildFile; fileRef = 50CBF20E2A9F3E8F00655373 /* UserRowView.swift */; };
		50CBF2112A9F417E00655373 /* LoginView.swift in Sources */ = {isa = PBXBuildFile; fileRef = 50CBF2102A9F417E00655373 /* LoginView.swift */; };
		50CBF2142A9F487B00655373 /* IGTextFieldModifier.swift in Sources */ = {isa = PBXBuildFile; fileRef = 50CBF2132A9F487B00655373 /* IGTextFieldModifier.swift */; };
		50CBF2162AA0833E00655373 /* AddEmailView.swift in Sources */ = {isa = PBXBuildFile; fileRef = 50CBF2152AA0833E00655373 /* AddEmailView.swift */; };
		50CBF2182AA0883600655373 /* CreateUserNameView.swift in Sources */ = {isa = PBXBuildFile; fileRef = 50CBF2172AA0883600655373 /* CreateUserNameView.swift */; };
		50CBF21A2AA0899F00655373 /* CreatePasswordView.swift in Sources */ = {isa = PBXBuildFile; fileRef = 50CBF2192AA0899F00655373 /* CreatePasswordView.swift */; };
		50CBF21C2AA08A8F00655373 /* CompleteSignUpView.swift in Sources */ = {isa = PBXBuildFile; fileRef = 50CBF21B2AA08A8F00655373 /* CompleteSignUpView.swift */; };
		50CBF21E2AA08BF500655373 /* UserDO.swift in Sources */ = {isa = PBXBuildFile; fileRef = 50CBF21D2AA08BF400655373 /* UserDO.swift */; };
		50CBF2202AA09A5600655373 /* CurrentUserProfileView.swift in Sources */ = {isa = PBXBuildFile; fileRef = 50CBF21F2AA09A5600655373 /* CurrentUserProfileView.swift */; };
		50CBF2242AA09DE900655373 /* PostDO.swift in Sources */ = {isa = PBXBuildFile; fileRef = 50CBF2232AA09DE900655373 /* PostDO.swift */; };
		50CBF2262AA0D54700655373 /* DateExtension.swift in Sources */ = {isa = PBXBuildFile; fileRef = 50CBF2252AA0D54700655373 /* DateExtension.swift */; };
		50CBF2282AA0D6A500655373 /* ProfileOO.swift in Sources */ = {isa = PBXBuildFile; fileRef = 50CBF2272AA0D6A500655373 /* ProfileOO.swift */; };
		50CBF22A2AA0D9A300655373 /* ProfileHeaderView.swift in Sources */ = {isa = PBXBuildFile; fileRef = 50CBF2292AA0D9A300655373 /* ProfileHeaderView.swift */; };
		50CBF22C2AA0DA0D00655373 /* PostGridView.swift in Sources */ = {isa = PBXBuildFile; fileRef = 50CBF22B2AA0DA0D00655373 /* PostGridView.swift */; };
		50CBF2302AA0EB5600655373 /* UploadPostView.swift in Sources */ = {isa = PBXBuildFile; fileRef = 50CBF22F2AA0EB5600655373 /* UploadPostView.swift */; };
		50CBF2342AA0F49300655373 /* UploadPostOO.swift in Sources */ = {isa = PBXBuildFile; fileRef = 50CBF2332AA0F49300655373 /* UploadPostOO.swift */; };
		50CBF2372AA38E3E00655373 /* GoogleService-Info.plist in Resources */ = {isa = PBXBuildFile; fileRef = 50CBF2362AA38E3E00655373 /* GoogleService-Info.plist */; };
		50CBF23A2AA38F0500655373 /* FirebaseAuth in Frameworks */ = {isa = PBXBuildFile; productRef = 50CBF2392AA38F0500655373 /* FirebaseAuth */; };
		50CBF23E2AA38F0500655373 /* FirebaseFirestoreSwift in Frameworks */ = {isa = PBXBuildFile; productRef = 50CBF23D2AA38F0500655373 /* FirebaseFirestoreSwift */; };
		50CBF2402AA38F0500655373 /* FirebaseStorage in Frameworks */ = {isa = PBXBuildFile; productRef = 50CBF23F2AA38F0500655373 /* FirebaseStorage */; };
		50CBF2442AA3917400655373 /* AuthService.swift in Sources */ = {isa = PBXBuildFile; fileRef = 50CBF2432AA3917400655373 /* AuthService.swift */; };
		50CBF2472AA3A49500655373 /* ContentOO.swift in Sources */ = {isa = PBXBuildFile; fileRef = 50CBF2462AA3A49500655373 /* ContentOO.swift */; };
		50CBF24A2AA3A72000655373 /* MainView.swift in Sources */ = {isa = PBXBuildFile; fileRef = 50CBF2492AA3A72000655373 /* MainView.swift */; };
		50CBF24D2AA4FC1E00655373 /* AuthOO.swift in Sources */ = {isa = PBXBuildFile; fileRef = 50CBF24C2AA4FC1E00655373 /* AuthOO.swift */; };
		50CBF24F2AA7659400655373 /* LoginOO.swift in Sources */ = {isa = PBXBuildFile; fileRef = 50CBF24E2AA7659400655373 /* LoginOO.swift */; };
/* End PBXBuildFile section */

/* Begin PBXFileReference section */
		5023E1972AB33D780064D113 /* SheetRowWithIcon.swift */ = {isa = PBXFileReference; lastKnownFileType = sourcecode.swift; path = SheetRowWithIcon.swift; sourceTree = "<group>"; };
		5023E19A2ABB0EBD0064D113 /* UserService.swift */ = {isa = PBXFileReference; lastKnownFileType = sourcecode.swift; path = UserService.swift; sourceTree = "<group>"; };
		503EE8B72BEBF2860002A275 /* InstagramFake.app */ = {isa = PBXFileReference; explicitFileType = wrapper.application; includeInIndex = 0; name = InstagramFake.app; path = /Users/ziqq/Desktop/git/ziqq/InstagramFake/build/Debug/InstagramFake.app; sourceTree = "<absolute>"; };
		503EE8BD2BF5FE830002A275 /* AuthEndpoint.swift */ = {isa = PBXFileReference; lastKnownFileType = sourcecode.swift; path = AuthEndpoint.swift; sourceTree = "<group>"; };
		503EE8BF2BF5FEC70002A275 /* APIService.swift */ = {isa = PBXFileReference; lastKnownFileType = sourcecode.swift; path = APIService.swift; sourceTree = "<group>"; };
		503EE8C12BF5FED80002A275 /* APIServiceProtocol.swift */ = {isa = PBXFileReference; lastKnownFileType = sourcecode.swift; path = APIServiceProtocol.swift; sourceTree = "<group>"; };
		5091E6062BFC9372005690FB /* CHANGELOG.md */ = {isa = PBXFileReference; lastKnownFileType = net.daringfireball.markdown; path = CHANGELOG.md; sourceTree = "<group>"; };
		5091E6072BFC93C9005690FB /* README.md */ = {isa = PBXFileReference; lastKnownFileType = net.daringfireball.markdown; path = README.md; sourceTree = "<group>"; };
		50CBF1C22A9E3DD000655373 /* InstagramFakeApp.swift */ = {isa = PBXFileReference; lastKnownFileType = sourcecode.swift; path = InstagramFakeApp.swift; sourceTree = "<group>"; };
		50CBF1C42A9E3DD000655373 /* ContentView.swift */ = {isa = PBXFileReference; lastKnownFileType = sourcecode.swift; path = ContentView.swift; sourceTree = "<group>"; };
		50CBF1C62A9E3DD100655373 /* Assets.xcassets */ = {isa = PBXFileReference; lastKnownFileType = folder.assetcatalog; path = Assets.xcassets; sourceTree = "<group>"; };
		50CBF1C82A9E3DD100655373 /* InstagramFake.entitlements */ = {isa = PBXFileReference; lastKnownFileType = text.plist.entitlements; path = InstagramFake.entitlements; sourceTree = "<group>"; };
		50CBF1CA2A9E3DD100655373 /* Preview Assets.xcassets */ = {isa = PBXFileReference; lastKnownFileType = folder.assetcatalog; path = "Preview Assets.xcassets"; sourceTree = "<group>"; };
		50CBF1F12A9E3FB400655373 /* SearchView.swift */ = {isa = PBXFileReference; fileEncoding = 4; lastKnownFileType = sourcecode.swift; path = SearchView.swift; sourceTree = "<group>"; };
		50CBF1F22A9E3FB400655373 /* SearchOO.swift */ = {isa = PBXFileReference; fileEncoding = 4; lastKnownFileType = sourcecode.swift; path = SearchOO.swift; sourceTree = "<group>"; };
		50CBF1FB2A9E3FEF00655373 /* MockService.swift */ = {isa = PBXFileReference; lastKnownFileType = sourcecode.swift; path = MockService.swift; sourceTree = "<group>"; };
		50CBF1FD2A9E41BB00655373 /* ProfileView.swift */ = {isa = PBXFileReference; lastKnownFileType = sourcecode.swift; path = ProfileView.swift; sourceTree = "<group>"; };
		50CBF1FF2A9E4A8C00655373 /* UserStatView.swift */ = {isa = PBXFileReference; lastKnownFileType = sourcecode.swift; path = UserStatView.swift; sourceTree = "<group>"; };
		50CBF2012A9F2B9200655373 /* FeedView.swift */ = {isa = PBXFileReference; lastKnownFileType = sourcecode.swift; path = FeedView.swift; sourceTree = "<group>"; };
		50CBF2032A9F32EA00655373 /* FeedCellView.swift */ = {isa = PBXFileReference; lastKnownFileType = sourcecode.swift; path = FeedCellView.swift; sourceTree = "<group>"; };
		50CBF2052A9F394800655373 /* GlobalConstant.swift */ = {isa = PBXFileReference; lastKnownFileType = sourcecode.swift; path = GlobalConstant.swift; sourceTree = "<group>"; };
		50CBF2082A9F3A6200655373 /* AppConstants.swift */ = {isa = PBXFileReference; lastKnownFileType = sourcecode.swift; path = AppConstants.swift; sourceTree = "<group>"; };
		50CBF20C2A9F3B9A00655373 /* UIColorExtension.swift */ = {isa = PBXFileReference; lastKnownFileType = sourcecode.swift; path = UIColorExtension.swift; sourceTree = "<group>"; };
		50CBF20E2A9F3E8F00655373 /* UserRowView.swift */ = {isa = PBXFileReference; lastKnownFileType = sourcecode.swift; path = UserRowView.swift; sourceTree = "<group>"; };
		50CBF2102A9F417E00655373 /* LoginView.swift */ = {isa = PBXFileReference; lastKnownFileType = sourcecode.swift; path = LoginView.swift; sourceTree = "<group>"; };
		50CBF2132A9F487B00655373 /* IGTextFieldModifier.swift */ = {isa = PBXFileReference; lastKnownFileType = sourcecode.swift; path = IGTextFieldModifier.swift; sourceTree = "<group>"; };
		50CBF2152AA0833E00655373 /* AddEmailView.swift */ = {isa = PBXFileReference; lastKnownFileType = sourcecode.swift; path = AddEmailView.swift; sourceTree = "<group>"; };
		50CBF2172AA0883600655373 /* CreateUserNameView.swift */ = {isa = PBXFileReference; lastKnownFileType = sourcecode.swift; path = CreateUserNameView.swift; sourceTree = "<group>"; };
		50CBF2192AA0899F00655373 /* CreatePasswordView.swift */ = {isa = PBXFileReference; lastKnownFileType = sourcecode.swift; path = CreatePasswordView.swift; sourceTree = "<group>"; };
		50CBF21B2AA08A8F00655373 /* CompleteSignUpView.swift */ = {isa = PBXFileReference; lastKnownFileType = sourcecode.swift; path = CompleteSignUpView.swift; sourceTree = "<group>"; };
		50CBF21D2AA08BF400655373 /* UserDO.swift */ = {isa = PBXFileReference; fileEncoding = 4; lastKnownFileType = sourcecode.swift; path = UserDO.swift; sourceTree = "<group>"; };
		50CBF21F2AA09A5600655373 /* CurrentUserProfileView.swift */ = {isa = PBXFileReference; lastKnownFileType = sourcecode.swift; path = CurrentUserProfileView.swift; sourceTree = "<group>"; };
		50CBF2232AA09DE900655373 /* PostDO.swift */ = {isa = PBXFileReference; fileEncoding = 4; lastKnownFileType = sourcecode.swift; path = PostDO.swift; sourceTree = "<group>"; };
		50CBF2252AA0D54700655373 /* DateExtension.swift */ = {isa = PBXFileReference; lastKnownFileType = sourcecode.swift; path = DateExtension.swift; sourceTree = "<group>"; };
		50CBF2272AA0D6A500655373 /* ProfileOO.swift */ = {isa = PBXFileReference; lastKnownFileType = sourcecode.swift; path = ProfileOO.swift; sourceTree = "<group>"; };
		50CBF2292AA0D9A300655373 /* ProfileHeaderView.swift */ = {isa = PBXFileReference; lastKnownFileType = sourcecode.swift; path = ProfileHeaderView.swift; sourceTree = "<group>"; };
		50CBF22B2AA0DA0D00655373 /* PostGridView.swift */ = {isa = PBXFileReference; lastKnownFileType = sourcecode.swift; path = PostGridView.swift; sourceTree = "<group>"; };
		50CBF22F2AA0EB5600655373 /* UploadPostView.swift */ = {isa = PBXFileReference; lastKnownFileType = sourcecode.swift; path = UploadPostView.swift; sourceTree = "<group>"; };
		50CBF2332AA0F49300655373 /* UploadPostOO.swift */ = {isa = PBXFileReference; lastKnownFileType = sourcecode.swift; path = UploadPostOO.swift; sourceTree = "<group>"; };
		50CBF2362AA38E3E00655373 /* GoogleService-Info.plist */ = {isa = PBXFileReference; fileEncoding = 4; lastKnownFileType = text.plist.xml; path = "GoogleService-Info.plist"; sourceTree = "<group>"; };
		50CBF2432AA3917400655373 /* AuthService.swift */ = {isa = PBXFileReference; lastKnownFileType = sourcecode.swift; path = AuthService.swift; sourceTree = "<group>"; };
		50CBF2462AA3A49500655373 /* ContentOO.swift */ = {isa = PBXFileReference; lastKnownFileType = sourcecode.swift; path = ContentOO.swift; sourceTree = "<group>"; };
		50CBF2492AA3A72000655373 /* MainView.swift */ = {isa = PBXFileReference; lastKnownFileType = sourcecode.swift; path = MainView.swift; sourceTree = "<group>"; };
		50CBF24C2AA4FC1E00655373 /* AuthOO.swift */ = {isa = PBXFileReference; lastKnownFileType = sourcecode.swift; path = AuthOO.swift; sourceTree = "<group>"; };
		50CBF24E2AA7659400655373 /* LoginOO.swift */ = {isa = PBXFileReference; lastKnownFileType = sourcecode.swift; path = LoginOO.swift; sourceTree = "<group>"; };
/* End PBXFileReference section */

/* Begin PBXFrameworksBuildPhase section */
		50CBF1BC2A9E3DD000655373 /* Frameworks */ = {
			isa = PBXFrameworksBuildPhase;
			buildActionMask = 2147483647;
			files = (
				50CBF23A2AA38F0500655373 /* FirebaseAuth in Frameworks */,
				503EE92D2BF783D20002A275 /* FirebaseFirestore in Frameworks */,
				50CBF2402AA38F0500655373 /* FirebaseStorage in Frameworks */,
				503EE92F2BF783D20002A275 /* FirebaseFirestoreCombine-Community in Frameworks */,
				50CBF23E2AA38F0500655373 /* FirebaseFirestoreSwift in Frameworks */,
			);
			runOnlyForDeploymentPostprocessing = 0;
		};
/* End PBXFrameworksBuildPhase section */

/* Begin PBXGroup section */
		503EE8B82BEBF3990002A275 /* Common */ = {
			isa = PBXGroup;
			children = (
				50CBF20A2A9F3B3E00655373 /* Constants */,
				50CBF1E22A9E3ED100655373 /* DataObjects */,
				50CBF20B2A9F3B6800655373 /* Extensions */,
				50CBF2122A9F484E00655373 /* Modifiers */,
				50CBF1FA2A9E3FDF00655373 /* Services */,
				50CBF1F32A9E3FB400655373 /* Views */,
			);
			path = Common;
			sourceTree = "<group>";
		};
		503EE8B92BF5F8000002A275 /* DataObjects */ = {
			isa = PBXGroup;
			children = (
				50CBF21D2AA08BF400655373 /* UserDO.swift */,
			);
			path = DataObjects;
			sourceTree = "<group>";
		};
		503EE8BA2BF5FAA10002A275 /* Feature */ = {
			isa = PBXGroup;
			children = (
				50CBF1EF2A9E3FB400655373 /* Auth */,
				50CBF1F62A9E3FB400655373 /* Feed */,
				50CBF2482AA3A71100655373 /* Main */,
				50CBF1F52A9E3FB400655373 /* Profile */,
				50CBF1F02A9E3FB400655373 /* Search */,
				50CBF2452AA3A47500655373 /* Root */,
				50CBF2312AA0EBAE00655373 /* UploadPost */,
			);
			path = Feature;
			sourceTree = "<group>";
		};
		503EE8BB2BF5FE3E0002A275 /* APIService */ = {
			isa = PBXGroup;
			children = (
				503EE8BC2BF5FE5B0002A275 /* Endpoints */,
				503EE8BF2BF5FEC70002A275 /* APIService.swift */,
				503EE8C12BF5FED80002A275 /* APIServiceProtocol.swift */,
			);
			path = APIService;
			sourceTree = "<group>";
		};
		503EE8BC2BF5FE5B0002A275 /* Endpoints */ = {
			isa = PBXGroup;
			children = (
				503EE8BD2BF5FE830002A275 /* AuthEndpoint.swift */,
			);
			path = Endpoints;
			sourceTree = "<group>";
		};
		503EE8C32BF5FEEC0002A275 /* DatabaseService */ = {
			isa = PBXGroup;
			children = (
			);
			path = DatabaseService;
			sourceTree = "<group>";
		};
		503EE8C42BF603960002A275 /* InstagramFakeTests */ = {
			isa = PBXGroup;
			children = (
			);
			path = InstagramFakeTests;
			sourceTree = "<group>";
		};
		503EE9032BF77A430002A275 /* InstagramFakeUITests */ = {
			isa = PBXGroup;
			children = (
			);
			path = InstagramFakeUITests;
			sourceTree = "<group>";
		};
		503EE92B2BF783D20002A275 /* Frameworks */ = {
			isa = PBXGroup;
			children = (
			);
			name = Frameworks;
			sourceTree = "<group>";
		};
		50CBF1B62A9E3DD000655373 = {
			isa = PBXGroup;
			children = (
				5091E6072BFC93C9005690FB /* README.md */,
				5091E6062BFC9372005690FB /* CHANGELOG.md */,
				50CBF1C12A9E3DD000655373 /* InstagramFake */,
				503EE8C42BF603960002A275 /* InstagramFakeTests */,
				503EE9032BF77A430002A275 /* InstagramFakeUITests */,
				503EE92B2BF783D20002A275 /* Frameworks */,
			);
			sourceTree = "<group>";
		};
		50CBF1C12A9E3DD000655373 /* InstagramFake */ = {
			isa = PBXGroup;
			children = (
				503EE8B82BEBF3990002A275 /* Common */,
				503EE8BA2BF5FAA10002A275 /* Feature */,
				50CBF1C92A9E3DD100655373 /* Preview Content */,
				50CBF1C22A9E3DD000655373 /* InstagramFakeApp.swift */,
				50CBF1C62A9E3DD100655373 /* Assets.xcassets */,
				50CBF1C82A9E3DD100655373 /* InstagramFake.entitlements */,
				50CBF2362AA38E3E00655373 /* GoogleService-Info.plist */,
			);
			path = InstagramFake;
			sourceTree = "<group>";
		};
		50CBF1C92A9E3DD100655373 /* Preview Content */ = {
			isa = PBXGroup;
			children = (
				50CBF1CA2A9E3DD100655373 /* Preview Assets.xcassets */,
			);
			path = "Preview Content";
			sourceTree = "<group>";
		};
		50CBF1E22A9E3ED100655373 /* DataObjects */ = {
			isa = PBXGroup;
			children = (
				50CBF2232AA09DE900655373 /* PostDO.swift */,
			);
			path = DataObjects;
			sourceTree = "<group>";
		};
		50CBF1EF2A9E3FB400655373 /* Auth */ = {
			isa = PBXGroup;
			children = (
				503EE8B92BF5F8000002A275 /* DataObjects */,
				50CBF2422AA3914200655373 /* Services */,
				50CBF2412AA3913600655373 /* View */,
				50CBF24B2AA4FC0900655373 /* OO */,
			);
			path = Auth;
			sourceTree = "<group>";
		};
		50CBF1F02A9E3FB400655373 /* Search */ = {
			isa = PBXGroup;
			children = (
				50CBF1F12A9E3FB400655373 /* SearchView.swift */,
				50CBF1F22A9E3FB400655373 /* SearchOO.swift */,
			);
			path = Search;
			sourceTree = "<group>";
		};
		50CBF1F32A9E3FB400655373 /* Views */ = {
			isa = PBXGroup;
			children = (
				50CBF22B2AA0DA0D00655373 /* PostGridView.swift */,
				5023E1972AB33D780064D113 /* SheetRowWithIcon.swift */,
				50CBF20E2A9F3E8F00655373 /* UserRowView.swift */,
				50CBF1FF2A9E4A8C00655373 /* UserStatView.swift */,
			);
			path = Views;
			sourceTree = "<group>";
		};
		50CBF1F52A9E3FB400655373 /* Profile */ = {
			isa = PBXGroup;
			children = (
				50CBF22E2AA0DB7300655373 /* View */,
				50CBF2272AA0D6A500655373 /* ProfileOO.swift */,
			);
			path = Profile;
			sourceTree = "<group>";
		};
		50CBF1F62A9E3FB400655373 /* Feed */ = {
			isa = PBXGroup;
			children = (
				50CBF2012A9F2B9200655373 /* FeedView.swift */,
				50CBF2032A9F32EA00655373 /* FeedCellView.swift */,
			);
			path = Feed;
			sourceTree = "<group>";
		};
		50CBF1FA2A9E3FDF00655373 /* Services */ = {
			isa = PBXGroup;
			children = (
				503EE8BB2BF5FE3E0002A275 /* APIService */,
				503EE8C32BF5FEEC0002A275 /* DatabaseService */,
				50CBF1FB2A9E3FEF00655373 /* MockService.swift */,
			);
			path = Services;
			sourceTree = "<group>";
		};
		50CBF20A2A9F3B3E00655373 /* Constants */ = {
			isa = PBXGroup;
			children = (
				50CBF2082A9F3A6200655373 /* AppConstants.swift */,
				50CBF2052A9F394800655373 /* GlobalConstant.swift */,
			);
			path = Constants;
			sourceTree = "<group>";
		};
		50CBF20B2A9F3B6800655373 /* Extensions */ = {
			isa = PBXGroup;
			children = (
				50CBF2252AA0D54700655373 /* DateExtension.swift */,
				50CBF20C2A9F3B9A00655373 /* UIColorExtension.swift */,
			);
			path = Extensions;
			sourceTree = "<group>";
		};
		50CBF2122A9F484E00655373 /* Modifiers */ = {
			isa = PBXGroup;
			children = (
				50CBF2132A9F487B00655373 /* IGTextFieldModifier.swift */,
			);
			path = Modifiers;
			sourceTree = "<group>";
		};
		50CBF22E2AA0DB7300655373 /* View */ = {
			isa = PBXGroup;
			children = (
				50CBF1FD2A9E41BB00655373 /* ProfileView.swift */,
				50CBF2292AA0D9A300655373 /* ProfileHeaderView.swift */,
				50CBF21F2AA09A5600655373 /* CurrentUserProfileView.swift */,
			);
			path = View;
			sourceTree = "<group>";
		};
		50CBF2312AA0EBAE00655373 /* UploadPost */ = {
			isa = PBXGroup;
			children = (
				50CBF22F2AA0EB5600655373 /* UploadPostView.swift */,
				50CBF2332AA0F49300655373 /* UploadPostOO.swift */,
			);
			path = UploadPost;
			sourceTree = "<group>";
		};
		50CBF2412AA3913600655373 /* View */ = {
			isa = PBXGroup;
			children = (
				50CBF2102A9F417E00655373 /* LoginView.swift */,
				50CBF2152AA0833E00655373 /* AddEmailView.swift */,
				50CBF2172AA0883600655373 /* CreateUserNameView.swift */,
				50CBF2192AA0899F00655373 /* CreatePasswordView.swift */,
				50CBF21B2AA08A8F00655373 /* CompleteSignUpView.swift */,
			);
			path = View;
			sourceTree = "<group>";
		};
		50CBF2422AA3914200655373 /* Services */ = {
			isa = PBXGroup;
			children = (
				50CBF2432AA3917400655373 /* AuthService.swift */,
				5023E19A2ABB0EBD0064D113 /* UserService.swift */,
			);
			path = Services;
			sourceTree = "<group>";
		};
		50CBF2452AA3A47500655373 /* Root */ = {
			isa = PBXGroup;
			children = (
				50CBF1C42A9E3DD000655373 /* ContentView.swift */,
				50CBF2462AA3A49500655373 /* ContentOO.swift */,
			);
			path = Root;
			sourceTree = "<group>";
		};
		50CBF2482AA3A71100655373 /* Main */ = {
			isa = PBXGroup;
			children = (
				50CBF2492AA3A72000655373 /* MainView.swift */,
			);
			path = Main;
			sourceTree = "<group>";
		};
		50CBF24B2AA4FC0900655373 /* OO */ = {
			isa = PBXGroup;
			children = (
				50CBF24C2AA4FC1E00655373 /* AuthOO.swift */,
				50CBF24E2AA7659400655373 /* LoginOO.swift */,
			);
			path = OO;
			sourceTree = "<group>";
		};
/* End PBXGroup section */

/* Begin PBXNativeTarget section */
		50CBF1BE2A9E3DD000655373 /* InstagramFake */ = {
			isa = PBXNativeTarget;
			buildConfigurationList = 50CBF1CE2A9E3DD100655373 /* Build configuration list for PBXNativeTarget "InstagramFake" */;
			buildPhases = (
				50CBF1BB2A9E3DD000655373 /* Sources */,
				50CBF1BC2A9E3DD000655373 /* Frameworks */,
				50CBF1BD2A9E3DD000655373 /* Resources */,
			);
			buildRules = (
			);
			dependencies = (
			);
			name = InstagramFake;
			packageProductDependencies = (
				50CBF2392AA38F0500655373 /* FirebaseAuth */,
				50CBF23D2AA38F0500655373 /* FirebaseFirestoreSwift */,
				50CBF23F2AA38F0500655373 /* FirebaseStorage */,
				503EE92C2BF783D20002A275 /* FirebaseFirestore */,
				503EE92E2BF783D20002A275 /* FirebaseFirestoreCombine-Community */,
			);
			productName = InstagramFake;
			productReference = 503EE8B72BEBF2860002A275 /* InstagramFake.app */;
			productType = "com.apple.product-type.application";
		};
/* End PBXNativeTarget section */

/* Begin PBXProject section */
		50CBF1B72A9E3DD000655373 /* Project object */ = {
			isa = PBXProject;
			attributes = {
				BuildIndependentTargetsInParallel = 1;
				LastSwiftUpdateCheck = 1430;
				LastUpgradeCheck = 1430;
				TargetAttributes = {
					50CBF1BE2A9E3DD000655373 = {
						CreatedOnToolsVersion = 14.3;
					};
				};
			};
			buildConfigurationList = 50CBF1BA2A9E3DD000655373 /* Build configuration list for PBXProject "InstagramFake" */;
			compatibilityVersion = "Xcode 14.0";
			developmentRegion = en;
			hasScannedForEncodings = 0;
			knownRegions = (
				en,
				Base,
			);
			mainGroup = 50CBF1B62A9E3DD000655373;
			packageReferences = (
				50CBF2382AA38F0500655373 /* XCRemoteSwiftPackageReference "firebase-ios-sdk" */,
			);
			productRefGroup = 50CBF1B62A9E3DD000655373;
			projectDirPath = "";
			projectRoot = "";
			targets = (
				50CBF1BE2A9E3DD000655373 /* InstagramFake */,
			);
		};
/* End PBXProject section */

/* Begin PBXResourcesBuildPhase section */
		50CBF1BD2A9E3DD000655373 /* Resources */ = {
			isa = PBXResourcesBuildPhase;
			buildActionMask = 2147483647;
			files = (
				50CBF1CB2A9E3DD100655373 /* Preview Assets.xcassets in Resources */,
				50CBF1C72A9E3DD100655373 /* Assets.xcassets in Resources */,
				50CBF2372AA38E3E00655373 /* GoogleService-Info.plist in Resources */,
			);
			runOnlyForDeploymentPostprocessing = 0;
		};
/* End PBXResourcesBuildPhase section */

/* Begin PBXSourcesBuildPhase section */
		50CBF1BB2A9E3DD000655373 /* Sources */ = {
			isa = PBXSourcesBuildPhase;
			buildActionMask = 2147483647;
			files = (
				50CBF2022A9F2B9200655373 /* FeedView.swift in Sources */,
				50CBF2442AA3917400655373 /* AuthService.swift in Sources */,
				50CBF20F2A9F3E8F00655373 /* UserRowView.swift in Sources */,
				50CBF2472AA3A49500655373 /* ContentOO.swift in Sources */,
				50CBF20D2A9F3B9A00655373 /* UIColorExtension.swift in Sources */,
				50CBF2042A9F32EA00655373 /* FeedCellView.swift in Sources */,
				50CBF1FE2A9E41BB00655373 /* ProfileView.swift in Sources */,
				50CBF24A2AA3A72000655373 /* MainView.swift in Sources */,
				503EE8BE2BF5FE830002A275 /* AuthEndpoint.swift in Sources */,
				50CBF2262AA0D54700655373 /* DateExtension.swift in Sources */,
				50CBF1F72A9E3FB400655373 /* SearchView.swift in Sources */,
				503EE8C02BF5FEC70002A275 /* APIService.swift in Sources */,
				50CBF2002A9E4A8C00655373 /* UserStatView.swift in Sources */,
				50CBF21C2AA08A8F00655373 /* CompleteSignUpView.swift in Sources */,
				50CBF2242AA09DE900655373 /* PostDO.swift in Sources */,
				50CBF2202AA09A5600655373 /* CurrentUserProfileView.swift in Sources */,
				5023E19B2ABB0EBD0064D113 /* UserService.swift in Sources */,
				50CBF22A2AA0D9A300655373 /* ProfileHeaderView.swift in Sources */,
				50CBF2282AA0D6A500655373 /* ProfileOO.swift in Sources */,
				50CBF2342AA0F49300655373 /* UploadPostOO.swift in Sources */,
				50CBF2062A9F394800655373 /* GlobalConstant.swift in Sources */,
				50CBF1FC2A9E3FEF00655373 /* MockService.swift in Sources */,
				50CBF2302AA0EB5600655373 /* UploadPostView.swift in Sources */,
				50CBF2142A9F487B00655373 /* IGTextFieldModifier.swift in Sources */,
				50CBF1F82A9E3FB400655373 /* SearchOO.swift in Sources */,
				50CBF24F2AA7659400655373 /* LoginOO.swift in Sources */,
				503EE8C22BF5FED80002A275 /* APIServiceProtocol.swift in Sources */,
				50CBF2182AA0883600655373 /* CreateUserNameView.swift in Sources */,
				50CBF1C52A9E3DD000655373 /* ContentView.swift in Sources */,
				50CBF21E2AA08BF500655373 /* UserDO.swift in Sources */,
				5023E1982AB33D780064D113 /* SheetRowWithIcon.swift in Sources */,
				50CBF2092A9F3A6200655373 /* AppConstants.swift in Sources */,
				50CBF22C2AA0DA0D00655373 /* PostGridView.swift in Sources */,
				50CBF2162AA0833E00655373 /* AddEmailView.swift in Sources */,
				50CBF21A2AA0899F00655373 /* CreatePasswordView.swift in Sources */,
				50CBF2112A9F417E00655373 /* LoginView.swift in Sources */,
				50CBF24D2AA4FC1E00655373 /* AuthOO.swift in Sources */,
				50CBF1C32A9E3DD000655373 /* InstagramFakeApp.swift in Sources */,
			);
			runOnlyForDeploymentPostprocessing = 0;
		};
/* End PBXSourcesBuildPhase section */

/* Begin XCBuildConfiguration section */
		50CBF1CC2A9E3DD100655373 /* Debug */ = {
			isa = XCBuildConfiguration;
			buildSettings = {
				ALWAYS_SEARCH_USER_PATHS = NO;
				CLANG_ANALYZER_NONNULL = YES;
				CLANG_ANALYZER_NUMBER_OBJECT_CONVERSION = YES_AGGRESSIVE;
				CLANG_CXX_LANGUAGE_STANDARD = "gnu++20";
				CLANG_ENABLE_MODULES = YES;
				CLANG_ENABLE_OBJC_ARC = YES;
				CLANG_ENABLE_OBJC_WEAK = YES;
				CLANG_WARN_BLOCK_CAPTURE_AUTORELEASING = YES;
				CLANG_WARN_BOOL_CONVERSION = YES;
				CLANG_WARN_COMMA = YES;
				CLANG_WARN_CONSTANT_CONVERSION = YES;
				CLANG_WARN_DEPRECATED_OBJC_IMPLEMENTATIONS = YES;
				CLANG_WARN_DIRECT_OBJC_ISA_USAGE = YES_ERROR;
				CLANG_WARN_DOCUMENTATION_COMMENTS = YES;
				CLANG_WARN_EMPTY_BODY = YES;
				CLANG_WARN_ENUM_CONVERSION = YES;
				CLANG_WARN_INFINITE_RECURSION = YES;
				CLANG_WARN_INT_CONVERSION = YES;
				CLANG_WARN_NON_LITERAL_NULL_CONVERSION = YES;
				CLANG_WARN_OBJC_IMPLICIT_RETAIN_SELF = YES;
				CLANG_WARN_OBJC_LITERAL_CONVERSION = YES;
				CLANG_WARN_OBJC_ROOT_CLASS = YES_ERROR;
				CLANG_WARN_QUOTED_INCLUDE_IN_FRAMEWORK_HEADER = YES;
				CLANG_WARN_RANGE_LOOP_ANALYSIS = YES;
				CLANG_WARN_STRICT_PROTOTYPES = YES;
				CLANG_WARN_SUSPICIOUS_MOVE = YES;
				CLANG_WARN_UNGUARDED_AVAILABILITY = YES_AGGRESSIVE;
				CLANG_WARN_UNREACHABLE_CODE = YES;
				CLANG_WARN__DUPLICATE_METHOD_MATCH = YES;
				COPY_PHASE_STRIP = NO;
				DEBUG_INFORMATION_FORMAT = dwarf;
				ENABLE_STRICT_OBJC_MSGSEND = YES;
				ENABLE_TESTABILITY = YES;
				GCC_C_LANGUAGE_STANDARD = gnu11;
				GCC_DYNAMIC_NO_PIC = NO;
				GCC_NO_COMMON_BLOCKS = YES;
				GCC_OPTIMIZATION_LEVEL = 0;
				GCC_PREPROCESSOR_DEFINITIONS = (
					"DEBUG=1",
					"$(inherited)",
				);
				GCC_WARN_64_TO_32_BIT_CONVERSION = YES;
				GCC_WARN_ABOUT_RETURN_TYPE = YES_ERROR;
				GCC_WARN_UNDECLARED_SELECTOR = YES;
				GCC_WARN_UNINITIALIZED_AUTOS = YES_AGGRESSIVE;
				GCC_WARN_UNUSED_FUNCTION = YES;
				GCC_WARN_UNUSED_VARIABLE = YES;
				MTL_ENABLE_DEBUG_INFO = INCLUDE_SOURCE;
				MTL_FAST_MATH = YES;
				ONLY_ACTIVE_ARCH = YES;
				SWIFT_ACTIVE_COMPILATION_CONDITIONS = DEBUG;
				SWIFT_OPTIMIZATION_LEVEL = "-Onone";
			};
			name = Debug;
		};
		50CBF1CD2A9E3DD100655373 /* Release */ = {
			isa = XCBuildConfiguration;
			buildSettings = {
				ALWAYS_SEARCH_USER_PATHS = NO;
				CLANG_ANALYZER_NONNULL = YES;
				CLANG_ANALYZER_NUMBER_OBJECT_CONVERSION = YES_AGGRESSIVE;
				CLANG_CXX_LANGUAGE_STANDARD = "gnu++20";
				CLANG_ENABLE_MODULES = YES;
				CLANG_ENABLE_OBJC_ARC = YES;
				CLANG_ENABLE_OBJC_WEAK = YES;
				CLANG_WARN_BLOCK_CAPTURE_AUTORELEASING = YES;
				CLANG_WARN_BOOL_CONVERSION = YES;
				CLANG_WARN_COMMA = YES;
				CLANG_WARN_CONSTANT_CONVERSION = YES;
				CLANG_WARN_DEPRECATED_OBJC_IMPLEMENTATIONS = YES;
				CLANG_WARN_DIRECT_OBJC_ISA_USAGE = YES_ERROR;
				CLANG_WARN_DOCUMENTATION_COMMENTS = YES;
				CLANG_WARN_EMPTY_BODY = YES;
				CLANG_WARN_ENUM_CONVERSION = YES;
				CLANG_WARN_INFINITE_RECURSION = YES;
				CLANG_WARN_INT_CONVERSION = YES;
				CLANG_WARN_NON_LITERAL_NULL_CONVERSION = YES;
				CLANG_WARN_OBJC_IMPLICIT_RETAIN_SELF = YES;
				CLANG_WARN_OBJC_LITERAL_CONVERSION = YES;
				CLANG_WARN_OBJC_ROOT_CLASS = YES_ERROR;
				CLANG_WARN_QUOTED_INCLUDE_IN_FRAMEWORK_HEADER = YES;
				CLANG_WARN_RANGE_LOOP_ANALYSIS = YES;
				CLANG_WARN_STRICT_PROTOTYPES = YES;
				CLANG_WARN_SUSPICIOUS_MOVE = YES;
				CLANG_WARN_UNGUARDED_AVAILABILITY = YES_AGGRESSIVE;
				CLANG_WARN_UNREACHABLE_CODE = YES;
				CLANG_WARN__DUPLICATE_METHOD_MATCH = YES;
				COPY_PHASE_STRIP = NO;
				DEBUG_INFORMATION_FORMAT = "dwarf-with-dsym";
				ENABLE_NS_ASSERTIONS = NO;
				ENABLE_STRICT_OBJC_MSGSEND = YES;
				GCC_C_LANGUAGE_STANDARD = gnu11;
				GCC_NO_COMMON_BLOCKS = YES;
				GCC_WARN_64_TO_32_BIT_CONVERSION = YES;
				GCC_WARN_ABOUT_RETURN_TYPE = YES_ERROR;
				GCC_WARN_UNDECLARED_SELECTOR = YES;
				GCC_WARN_UNINITIALIZED_AUTOS = YES_AGGRESSIVE;
				GCC_WARN_UNUSED_FUNCTION = YES;
				GCC_WARN_UNUSED_VARIABLE = YES;
				MTL_ENABLE_DEBUG_INFO = NO;
				MTL_FAST_MATH = YES;
				SWIFT_COMPILATION_MODE = wholemodule;
				SWIFT_OPTIMIZATION_LEVEL = "-O";
			};
			name = Release;
		};
		50CBF1CF2A9E3DD100655373 /* Debug */ = {
			isa = XCBuildConfiguration;
			buildSettings = {
				ASSETCATALOG_COMPILER_APPICON_NAME = AppIcon;
				ASSETCATALOG_COMPILER_GLOBAL_ACCENT_COLOR_NAME = AccentColor;
				CODE_SIGN_ENTITLEMENTS = InstagramFake/InstagramFake.entitlements;
				CODE_SIGN_STYLE = Automatic;
				CURRENT_PROJECT_VERSION = 1;
				DEVELOPMENT_ASSET_PATHS = "\"InstagramFake/Preview Content\"";
				DEVELOPMENT_TEAM = SGWR678CX3;
				ENABLE_HARDENED_RUNTIME = YES;
				ENABLE_PREVIEWS = YES;
				GENERATE_INFOPLIST_FILE = YES;
				INFOPLIST_KEY_CFBundleDisplayName = InstagramFake;
				INFOPLIST_KEY_LSApplicationCategoryType = "public.app-category.lifestyle";
				"INFOPLIST_KEY_UIApplicationSceneManifest_Generation[sdk=iphoneos*]" = YES;
				"INFOPLIST_KEY_UIApplicationSceneManifest_Generation[sdk=iphonesimulator*]" = YES;
				"INFOPLIST_KEY_UIApplicationSupportsIndirectInputEvents[sdk=iphoneos*]" = YES;
				"INFOPLIST_KEY_UIApplicationSupportsIndirectInputEvents[sdk=iphonesimulator*]" = YES;
				"INFOPLIST_KEY_UILaunchScreen_Generation[sdk=iphoneos*]" = YES;
				"INFOPLIST_KEY_UILaunchScreen_Generation[sdk=iphonesimulator*]" = YES;
				"INFOPLIST_KEY_UIStatusBarStyle[sdk=iphoneos*]" = UIStatusBarStyleDefault;
				"INFOPLIST_KEY_UIStatusBarStyle[sdk=iphonesimulator*]" = UIStatusBarStyleDefault;
				INFOPLIST_KEY_UISupportedInterfaceOrientations = UIInterfaceOrientationPortrait;
				INFOPLIST_KEY_UISupportedInterfaceOrientations_iPad = "UIInterfaceOrientationLandscapeLeft UIInterfaceOrientationLandscapeRight UIInterfaceOrientationPortrait UIInterfaceOrientationPortraitUpsideDown";
				IPHONEOS_DEPLOYMENT_TARGET = 16.4;
				LD_RUNPATH_SEARCH_PATHS = "@executable_path/Frameworks";
				"LD_RUNPATH_SEARCH_PATHS[sdk=macosx*]" = "@executable_path/../Frameworks";
				MACOSX_DEPLOYMENT_TARGET = 13.3;
				MARKETING_VERSION = 1.0;
				PRODUCT_BUNDLE_IDENTIFIER = ru.a.a.ustinoff.InstagramFake;
				PRODUCT_NAME = "$(TARGET_NAME)";
				SDKROOT = auto;
				SUPPORTED_PLATFORMS = "iphoneos iphonesimulator";
				SUPPORTS_MACCATALYST = NO;
				SWIFT_EMIT_LOC_STRINGS = YES;
				SWIFT_VERSION = 5.0;
				TARGETED_DEVICE_FAMILY = 1;
			};
			name = Debug;
		};
		50CBF1D02A9E3DD100655373 /* Release */ = {
			isa = XCBuildConfiguration;
			buildSettings = {
				ASSETCATALOG_COMPILER_APPICON_NAME = AppIcon;
				ASSETCATALOG_COMPILER_GLOBAL_ACCENT_COLOR_NAME = AccentColor;
				CODE_SIGN_ENTITLEMENTS = InstagramFake/InstagramFake.entitlements;
				CODE_SIGN_STYLE = Automatic;
				CURRENT_PROJECT_VERSION = 1;
				DEVELOPMENT_ASSET_PATHS = "\"InstagramFake/Preview Content\"";
				DEVELOPMENT_TEAM = SGWR678CX3;
				ENABLE_HARDENED_RUNTIME = YES;
				ENABLE_PREVIEWS = YES;
				GENERATE_INFOPLIST_FILE = YES;
				INFOPLIST_KEY_CFBundleDisplayName = InstagramFake;
				INFOPLIST_KEY_LSApplicationCategoryType = "public.app-category.lifestyle";
				"INFOPLIST_KEY_UIApplicationSceneManifest_Generation[sdk=iphoneos*]" = YES;
				"INFOPLIST_KEY_UIApplicationSceneManifest_Generation[sdk=iphonesimulator*]" = YES;
				"INFOPLIST_KEY_UIApplicationSupportsIndirectInputEvents[sdk=iphoneos*]" = YES;
				"INFOPLIST_KEY_UIApplicationSupportsIndirectInputEvents[sdk=iphonesimulator*]" = YES;
				"INFOPLIST_KEY_UILaunchScreen_Generation[sdk=iphoneos*]" = YES;
				"INFOPLIST_KEY_UILaunchScreen_Generation[sdk=iphonesimulator*]" = YES;
				"INFOPLIST_KEY_UIStatusBarStyle[sdk=iphoneos*]" = UIStatusBarStyleDefault;
				"INFOPLIST_KEY_UIStatusBarStyle[sdk=iphonesimulator*]" = UIStatusBarStyleDefault;
				INFOPLIST_KEY_UISupportedInterfaceOrientations = UIInterfaceOrientationPortrait;
				INFOPLIST_KEY_UISupportedInterfaceOrientations_iPad = "UIInterfaceOrientationLandscapeLeft UIInterfaceOrientationLandscapeRight UIInterfaceOrientationPortrait UIInterfaceOrientationPortraitUpsideDown";
				IPHONEOS_DEPLOYMENT_TARGET = 16.4;
				LD_RUNPATH_SEARCH_PATHS = "@executable_path/Frameworks";
				"LD_RUNPATH_SEARCH_PATHS[sdk=macosx*]" = "@executable_path/../Frameworks";
				MACOSX_DEPLOYMENT_TARGET = 13.3;
				MARKETING_VERSION = 1.0;
				PRODUCT_BUNDLE_IDENTIFIER = ru.a.a.ustinoff.InstagramFake;
				PRODUCT_NAME = "$(TARGET_NAME)";
				SDKROOT = auto;
				SUPPORTED_PLATFORMS = "iphoneos iphonesimulator";
				SUPPORTS_MACCATALYST = NO;
				SWIFT_EMIT_LOC_STRINGS = YES;
				SWIFT_VERSION = 5.0;
				TARGETED_DEVICE_FAMILY = 1;
			};
			name = Release;
		};
/* End XCBuildConfiguration section */

/* Begin XCConfigurationList section */
		50CBF1BA2A9E3DD000655373 /* Build configuration list for PBXProject "InstagramFake" */ = {
			isa = XCConfigurationList;
			buildConfigurations = (
				50CBF1CC2A9E3DD100655373 /* Debug */,
				50CBF1CD2A9E3DD100655373 /* Release */,
			);
			defaultConfigurationIsVisible = 0;
			defaultConfigurationName = Release;
		};
		50CBF1CE2A9E3DD100655373 /* Build configuration list for PBXNativeTarget "InstagramFake" */ = {
			isa = XCConfigurationList;
			buildConfigurations = (
				50CBF1CF2A9E3DD100655373 /* Debug */,
				50CBF1D02A9E3DD100655373 /* Release */,
			);
			defaultConfigurationIsVisible = 0;
			defaultConfigurationName = Release;
		};
/* End XCConfigurationList section */

/* Begin XCRemoteSwiftPackageReference section */
		50CBF2382AA38F0500655373 /* XCRemoteSwiftPackageReference "firebase-ios-sdk" */ = {
			isa = XCRemoteSwiftPackageReference;
			repositoryURL = "https://github.com/firebase/firebase-ios-sdk";
			requirement = {
				kind = upToNextMajorVersion;
				minimumVersion = 10.0.0;
			};
		};
/* End XCRemoteSwiftPackageReference section */

/* Begin XCSwiftPackageProductDependency section */
		503EE92C2BF783D20002A275 /* FirebaseFirestore */ = {
			isa = XCSwiftPackageProductDependency;
			package = 50CBF2382AA38F0500655373 /* XCRemoteSwiftPackageReference "firebase-ios-sdk" */;
			productName = FirebaseFirestore;
		};
		503EE92E2BF783D20002A275 /* FirebaseFirestoreCombine-Community */ = {
			isa = XCSwiftPackageProductDependency;
			package = 50CBF2382AA38F0500655373 /* XCRemoteSwiftPackageReference "firebase-ios-sdk" */;
			productName = "FirebaseFirestoreCombine-Community";
		};
		50CBF2392AA38F0500655373 /* FirebaseAuth */ = {
			isa = XCSwiftPackageProductDependency;
			package = 50CBF2382AA38F0500655373 /* XCRemoteSwiftPackageReference "firebase-ios-sdk" */;
			productName = FirebaseAuth;
		};
		50CBF23D2AA38F0500655373 /* FirebaseFirestoreSwift */ = {
			isa = XCSwiftPackageProductDependency;
			package = 50CBF2382AA38F0500655373 /* XCRemoteSwiftPackageReference "firebase-ios-sdk" */;
			productName = FirebaseFirestoreSwift;
		};
		50CBF23F2AA38F0500655373 /* FirebaseStorage */ = {
			isa = XCSwiftPackageProductDependency;
			package = 50CBF2382AA38F0500655373 /* XCRemoteSwiftPackageReference "firebase-ios-sdk" */;
			productName = FirebaseStorage;
		};
/* End XCSwiftPackageProductDependency section */
	};
	rootObject = 50CBF1B72A9E3DD000655373 /* Project object */;
}
